
Microsoft Visual Studio Solution File, Format Version 12.00
# Visual Studio Version 16
VisualStudioVersion = 16.0.29025.244
MinimumVisualStudioVersion = 10.0.40219.1
Project("{2150E333-8FDC-42A3-9474-1A3956D46DE8}") = "Build", "Build", "{648BA441-31D3-4A16-8970-CE71BEB6FA5F}"
	ProjectSection(SolutionItems) = preProject
		.gitignore = .gitignore
		azure-pipelines.yml = azure-pipelines.yml
		bootstrap.ps1 = bootstrap.ps1
		build.ps1 = build.ps1
		src\Directory.Build.props = src\Directory.Build.props
		README.md = README.md
		build\repo.props = build\repo.props
		build\sources.props = build\sources.props
		version.props = version.props
	EndProjectSection
EndProject
Project("{2150E333-8FDC-42A3-9474-1A3956D46DE8}") = "Tests", "Tests", "{51A71DC0-F4E1-4BF8-AF63-C28752AD634C}"
EndProject
Project("{9A19103F-16F7-4668-BE54-9A1E7A4F7556}") = "Csg.Data.ListQuery", "src\Csg.Data.ListQuery\Csg.Data.ListQuery.csproj", "{F512164D-0F84-4C48-9CB4-A49C87B263B8}"
EndProject
Project("{9A19103F-16F7-4668-BE54-9A1E7A4F7556}") = "Csg.Data.ListQuery.Abstractions", "src\Csg.Data.ListQuery.Abstractions\Csg.Data.ListQuery.Abstractions.csproj", "{470FF3E7-560B-4DC8-8C0F-881DEA84DE72}"
EndProject
Project("{9A19103F-16F7-4668-BE54-9A1E7A4F7556}") = "Csg.Data.ListQuery.Tests", "src\Csg.Data.ListQuery.Tests\Csg.Data.ListQuery.Tests.csproj", "{48BF5860-1012-4A48-9348-4AF9894BEB9E}"
EndProject
Global
	GlobalSection(SolutionConfigurationPlatforms) = preSolution
		Debug|Any CPU = Debug|Any CPU
		Release|Any CPU = Release|Any CPU
	EndGlobalSection
	GlobalSection(ProjectConfigurationPlatforms) = postSolution
		{F512164D-0F84-4C48-9CB4-A49C87B263B8}.Debug|Any CPU.ActiveCfg = Debug|Any CPU
		{F512164D-0F84-4C48-9CB4-A49C87B263B8}.Debug|Any CPU.Build.0 = Debug|Any CPU
		{F512164D-0F84-4C48-9CB4-A49C87B263B8}.Release|Any CPU.ActiveCfg = Release|Any CPU
		{F512164D-0F84-4C48-9CB4-A49C87B263B8}.Release|Any CPU.Build.0 = Release|Any CPU
		{470FF3E7-560B-4DC8-8C0F-881DEA84DE72}.Debug|Any CPU.ActiveCfg = Debug|Any CPU
		{470FF3E7-560B-4DC8-8C0F-881DEA84DE72}.Debug|Any CPU.Build.0 = Debug|Any CPU
		{470FF3E7-560B-4DC8-8C0F-881DEA84DE72}.Release|Any CPU.ActiveCfg = Release|Any CPU
		{470FF3E7-560B-4DC8-8C0F-881DEA84DE72}.Release|Any CPU.Build.0 = Release|Any CPU
		{48BF5860-1012-4A48-9348-4AF9894BEB9E}.Debug|Any CPU.ActiveCfg = Debug|Any CPU
		{48BF5860-1012-4A48-9348-4AF9894BEB9E}.Debug|Any CPU.Build.0 = Debug|Any CPU
		{48BF5860-1012-4A48-9348-4AF9894BEB9E}.Release|Any CPU.ActiveCfg = Release|Any CPU
		{48BF5860-1012-4A48-9348-4AF9894BEB9E}.Release|Any CPU.Build.0 = Release|Any CPU
	EndGlobalSection
	GlobalSection(SolutionProperties) = preSolution
		HideSolutionNode = FALSE
	EndGlobalSection
	GlobalSection(NestedProjects) = preSolution
		{48BF5860-1012-4A48-9348-4AF9894BEB9E} = {51A71DC0-F4E1-4BF8-AF63-C28752AD634C}
	EndGlobalSection
	GlobalSection(ExtensibilityGlobals) = postSolution
		SolutionGuid = {0E21AC56-6551-4639-BCF6-591DE16E7378}
	EndGlobalSection
EndGlobal
